
Microsoft Visual Studio Solution File, Format Version 12.00
# Visual Studio 15
Project("{FAE04EC0-301F-11D3-BF4B-00C04F79EFBC}") = "Dreamteck.Utilities", "Dreamteck.Utilities.csproj", "{0D1FE653-DE2B-1B51-B77F-75299E954DAE}"
EndProject
Project("{FAE04EC0-301F-11D3-BF4B-00C04F79EFBC}") = "Dreamteck.Splines", "Dreamteck.Splines.csproj", "{BA8F0C51-54EB-EF22-D0C7-86D1CE7B5DC0}"
EndProject
Project("{FAE04EC0-301F-11D3-BF4B-00C04F79EFBC}") = "Assembly-CSharp", "Assembly-CSharp.csproj", "{792E2E2B-8DB6-7DC3-EE82-5891494A41A6}"
EndProject
Project("{FAE04EC0-301F-11D3-BF4B-00C04F79EFBC}") = "Dreamteck.Splines.Editor", "Dreamteck.Splines.Editor.csproj", "{C115A30E-7736-853A-040B-7B53C3343135}"
EndProject
Project("{FAE04EC0-301F-11D3-BF4B-00C04F79EFBC}") = "Dreamteck.Utilities.Editor", "Dreamteck.Utilities.Editor.csproj", "{63D79D41-EEAD-B252-2603-A1E1C40B8BDF}"
EndProject
Global
	GlobalSection(SolutionConfigurationPlatforms) = preSolution
		Debug|Any CPU = Debug|Any CPU
		Release|Any CPU = Release|Any CPU
	EndGlobalSection
	GlobalSection(ProjectConfigurationPlatforms) = postSolution
		{0D1FE653-DE2B-1B51-B77F-75299E954DAE}.Debug|Any CPU.ActiveCfg = Debug|Any CPU
		{0D1FE653-DE2B-1B51-B77F-75299E954DAE}.Debug|Any CPU.Build.0 = Debug|Any CPU
		{0D1FE653-DE2B-1B51-B77F-75299E954DAE}.Release|Any CPU.ActiveCfg = Release|Any CPU
		{0D1FE653-DE2B-1B51-B77F-75299E954DAE}.Release|Any CPU.Build.0 = Release|Any CPU
		{BA8F0C51-54EB-EF22-D0C7-86D1CE7B5DC0}.Debug|Any CPU.ActiveCfg = Debug|Any CPU
		{BA8F0C51-54EB-EF22-D0C7-86D1CE7B5DC0}.Debug|Any CPU.Build.0 = Debug|Any CPU
		{BA8F0C51-54EB-EF22-D0C7-86D1CE7B5DC0}.Release|Any CPU.ActiveCfg = Release|Any CPU
		{BA8F0C51-54EB-EF22-D0C7-86D1CE7B5DC0}.Release|Any CPU.Build.0 = Release|Any CPU
		{792E2E2B-8DB6-7DC3-EE82-5891494A41A6}.Debug|Any CPU.ActiveCfg = Debug|Any CPU
		{792E2E2B-8DB6-7DC3-EE82-5891494A41A6}.Debug|Any CPU.Build.0 = Debug|Any CPU
		{792E2E2B-8DB6-7DC3-EE82-5891494A41A6}.Release|Any CPU.ActiveCfg = Release|Any CPU
		{792E2E2B-8DB6-7DC3-EE82-5891494A41A6}.Release|Any CPU.Build.0 = Release|Any CPU
		{C115A30E-7736-853A-040B-7B53C3343135}.Debug|Any CPU.ActiveCfg = Debug|Any CPU
		{C115A30E-7736-853A-040B-7B53C3343135}.Debug|Any CPU.Build.0 = Debug|Any CPU
		{C115A30E-7736-853A-040B-7B53C3343135}.Release|Any CPU.ActiveCfg = Release|Any CPU
		{C115A30E-7736-853A-040B-7B53C3343135}.Release|Any CPU.Build.0 = Release|Any CPU
		{63D79D41-EEAD-B252-2603-A1E1C40B8BDF}.Debug|Any CPU.ActiveCfg = Debug|Any CPU
		{63D79D41-EEAD-B252-2603-A1E1C40B8BDF}.Debug|Any CPU.Build.0 = Debug|Any CPU
		{63D79D41-EEAD-B252-2603-A1E1C40B8BDF}.Release|Any CPU.ActiveCfg = Release|Any CPU
		{63D79D41-EEAD-B252-2603-A1E1C40B8BDF}.Release|Any CPU.Build.0 = Release|Any CPU
	EndGlobalSection
	GlobalSection(SolutionProperties) = preSolution
		HideSolutionNode = FALSE
	EndGlobalSection
EndGlobal
